
Microsoft Visual Studio Solution File, Format Version 12.00
# Visual Studio Version 16
VisualStudioVersion = 16.0.31313.79
MinimumVisualStudioVersion = 10.0.40219.1
Project("{9A19103F-16F7-4668-BE54-9A1E7A4F7556}") = "NumericalDecompositionCalculator", "NumericalDecompositionCalculator.csproj", "{5AD14B97-AB53-453A-8616-E3831DFB3463}"
EndProject
Project("{9A19103F-16F7-4668-BE54-9A1E7A4F7556}") = "MathFunctions", "..\MathFunctions\MathFunctions.csproj", "{078F88EE-6814-46EB-8BA2-1981DB42FF06}"
EndProject
Project("{9A19103F-16F7-4668-BE54-9A1E7A4F7556}") = "MathOperationService", "..\MathOperationService\MathOperationService.csproj", "{E7497198-2F05-4B06-878F-B8A80E0D868C}"
EndProject
Project("{FAE04EC0-301F-11D3-BF4B-00C04F79EFBC}") = "MathFunctionsTester", "..\MathFunctionsTester\MathFunctionsTester.csproj", "{91668FD9-61B6-453F-81AE-D6208992E261}"
EndProject
Global
	GlobalSection(SolutionConfigurationPlatforms) = preSolution
		Debug|Any CPU = Debug|Any CPU
		Release|Any CPU = Release|Any CPU
	EndGlobalSection
	GlobalSection(ProjectConfigurationPlatforms) = postSolution
		{5AD14B97-AB53-453A-8616-E3831DFB3463}.Debug|Any CPU.ActiveCfg = Debug|Any CPU
		{5AD14B97-AB53-453A-8616-E3831DFB3463}.Debug|Any CPU.Build.0 = Debug|Any CPU
		{5AD14B97-AB53-453A-8616-E3831DFB3463}.Release|Any CPU.ActiveCfg = Release|Any CPU
		{5AD14B97-AB53-453A-8616-E3831DFB3463}.Release|Any CPU.Build.0 = Release|Any CPU
		{078F88EE-6814-46EB-8BA2-1981DB42FF06}.Debug|Any CPU.ActiveCfg = Debug|Any CPU
		{078F88EE-6814-46EB-8BA2-1981DB42FF06}.Debug|Any CPU.Build.0 = Debug|Any CPU
		{078F88EE-6814-46EB-8BA2-1981DB42FF06}.Release|Any CPU.ActiveCfg = Release|Any CPU
		{078F88EE-6814-46EB-8BA2-1981DB42FF06}.Release|Any CPU.Build.0 = Release|Any CPU
		{E7497198-2F05-4B06-878F-B8A80E0D868C}.Debug|Any CPU.ActiveCfg = Debug|Any CPU
		{E7497198-2F05-4B06-878F-B8A80E0D868C}.Debug|Any CPU.Build.0 = Debug|Any CPU
		{E7497198-2F05-4B06-878F-B8A80E0D868C}.Release|Any CPU.ActiveCfg = Release|Any CPU
		{E7497198-2F05-4B06-878F-B8A80E0D868C}.Release|Any CPU.Build.0 = Release|Any CPU
		{91668FD9-61B6-453F-81AE-D6208992E261}.Debug|Any CPU.ActiveCfg = Debug|Any CPU
		{91668FD9-61B6-453F-81AE-D6208992E261}.Debug|Any CPU.Build.0 = Debug|Any CPU
		{91668FD9-61B6-453F-81AE-D6208992E261}.Release|Any CPU.ActiveCfg = Release|Any CPU
		{91668FD9-61B6-453F-81AE-D6208992E261}.Release|Any CPU.Build.0 = Release|Any CPU
	EndGlobalSection
	GlobalSection(SolutionProperties) = preSolution
		HideSolutionNode = FALSE
	EndGlobalSection
	GlobalSection(ExtensibilityGlobals) = postSolution
		SolutionGuid = {7530662B-09F0-4BEB-8F82-F1B9C503448E}
	EndGlobalSection
EndGlobal
